
Microsoft Visual Studio Solution File, Format Version 12.00
# Visual Studio Version 16
VisualStudioVersion = 16.0.32602.291
MinimumVisualStudioVersion = 10.0.40219.1
Project("{FAE04EC0-301F-11D3-BF4B-00C04F79EFBC}") = "Q217ContainsDuplicate", "Q217ContainsDuplicate\Q217ContainsDuplicate.csproj", "{AC2D9DBB-B389-4839-8496-B666395D7A43}"
EndProject
Global
	GlobalSection(SolutionConfigurationPlatforms) = preSolution
		Debug|Any CPU = Debug|Any CPU
		Release|Any CPU = Release|Any CPU
	EndGlobalSection
	GlobalSection(ProjectConfigurationPlatforms) = postSolution
		{AC2D9DBB-B389-4839-8496-B666395D7A43}.Debug|Any CPU.ActiveCfg = Debug|Any CPU
		{AC2D9DBB-B389-4839-8496-B666395D7A43}.Debug|Any CPU.Build.0 = Debug|Any CPU
		{AC2D9DBB-B389-4839-8496-B666395D7A43}.Release|Any CPU.ActiveCfg = Release|Any CPU
		{AC2D9DBB-B389-4839-8496-B666395D7A43}.Release|Any CPU.Build.0 = Release|Any CPU
	EndGlobalSection
	GlobalSection(SolutionProperties) = preSolution
		HideSolutionNode = FALSE
	EndGlobalSection
	GlobalSection(ExtensibilityGlobals) = postSolution
		SolutionGuid = {582F1508-8D8A-4A24-8DB5-26ECDE1312F7}
	EndGlobalSection
EndGlobal
